
Microsoft Visual Studio Solution File, Format Version 12.00
# Visual Studio Version 17
VisualStudioVersion = 17.13.35931.197 d17.13
MinimumVisualStudioVersion = 10.0.40219.1
Project("{FAE04EC0-301F-11D3-BF4B-00C04F79EFBC}") = "ungdungdautien", "ungdungdautien\ungdungdautien.csproj", "{6854AA4F-A631-44A2-A57B-398ADB5B7378}"
EndProject
Global
	GlobalSection(SolutionConfigurationPlatforms) = preSolution
		Debug|Any CPU = Debug|Any CPU
		Release|Any CPU = Release|Any CPU
	EndGlobalSection
	GlobalSection(ProjectConfigurationPlatforms) = postSolution
		{6854AA4F-A631-44A2-A57B-398ADB5B7378}.Debug|Any CPU.ActiveCfg = Debug|Any CPU
		{6854AA4F-A631-44A2-A57B-398ADB5B7378}.Debug|Any CPU.Build.0 = Debug|Any CPU
		{6854AA4F-A631-44A2-A57B-398ADB5B7378}.Release|Any CPU.ActiveCfg = Release|Any CPU
		{6854AA4F-A631-44A2-A57B-398ADB5B7378}.Release|Any CPU.Build.0 = Release|Any CPU
	EndGlobalSection
	GlobalSection(SolutionProperties) = preSolution
		HideSolutionNode = FALSE
	EndGlobalSection
	GlobalSection(ExtensibilityGlobals) = postSolution
		SolutionGuid = {519BECAE-1695-4AC9-AAD9-2EA9035C6A8E}
	EndGlobalSection
EndGlobal
