
Microsoft Visual Studio Solution File, Format Version 12.00
# Visual Studio Version 17
VisualStudioVersion = 17.13.35931.197 d17.13
MinimumVisualStudioVersion = 10.0.40219.1
Project("{FAE04EC0-301F-11D3-BF4B-00C04F79EFBC}") = "VoMinhTam_Tuan3", "VoMinhTam_Tuan3\VoMinhTam_Tuan3.csproj", "{3C72FFCA-D072-4BA5-BEF3-84650CB71E7C}"
EndProject
Global
	GlobalSection(SolutionConfigurationPlatforms) = preSolution
		Debug|Any CPU = Debug|Any CPU
		Release|Any CPU = Release|Any CPU
	EndGlobalSection
	GlobalSection(ProjectConfigurationPlatforms) = postSolution
		{3C72FFCA-D072-4BA5-BEF3-84650CB71E7C}.Debug|Any CPU.ActiveCfg = Debug|Any CPU
		{3C72FFCA-D072-4BA5-BEF3-84650CB71E7C}.Debug|Any CPU.Build.0 = Debug|Any CPU
		{3C72FFCA-D072-4BA5-BEF3-84650CB71E7C}.Release|Any CPU.ActiveCfg = Release|Any CPU
		{3C72FFCA-D072-4BA5-BEF3-84650CB71E7C}.Release|Any CPU.Build.0 = Release|Any CPU
	EndGlobalSection
	GlobalSection(SolutionProperties) = preSolution
		HideSolutionNode = FALSE
	EndGlobalSection
	GlobalSection(ExtensibilityGlobals) = postSolution
		SolutionGuid = {30AD2C90-4035-4C91-86F8-194352AFD141}
	EndGlobalSection
EndGlobal
