
Microsoft Visual Studio Solution File, Format Version 12.00
# Visual Studio Version 17
VisualStudioVersion = 17.13.35931.197 d17.13
MinimumVisualStudioVersion = 10.0.40219.1
Project("{FAE04EC0-301F-11D3-BF4B-00C04F79EFBC}") = "VoMinhTam-Kiemtra", "VoMinhTam-Kiemtra\VoMinhTam-Kiemtra.csproj", "{1448753C-9B45-4C02-B34F-42F68FBEB080}"
EndProject
Global
	GlobalSection(SolutionConfigurationPlatforms) = preSolution
		Debug|Any CPU = Debug|Any CPU
		Release|Any CPU = Release|Any CPU
	EndGlobalSection
	GlobalSection(ProjectConfigurationPlatforms) = postSolution
		{1448753C-9B45-4C02-B34F-42F68FBEB080}.Debug|Any CPU.ActiveCfg = Debug|Any CPU
		{1448753C-9B45-4C02-B34F-42F68FBEB080}.Debug|Any CPU.Build.0 = Debug|Any CPU
		{1448753C-9B45-4C02-B34F-42F68FBEB080}.Release|Any CPU.ActiveCfg = Release|Any CPU
		{1448753C-9B45-4C02-B34F-42F68FBEB080}.Release|Any CPU.Build.0 = Release|Any CPU
	EndGlobalSection
	GlobalSection(SolutionProperties) = preSolution
		HideSolutionNode = FALSE
	EndGlobalSection
	GlobalSection(ExtensibilityGlobals) = postSolution
		SolutionGuid = {742E0606-4711-4176-925B-510361FD360E}
	EndGlobalSection
EndGlobal
